<?xml version="1.0" encoding="utf-8"?>
<Project ToolsVersion="4.0" xmlns="http://schemas.microsoft.com/developer/msbuild/2003">
  <ItemGroup>
    <Filter Include="Source Files">
      <UniqueIdentifier>{4FC737F1-C7A5-4376-A066-2A32D752A2FF}</UniqueIdentifier>
      <Extensions>cpp;c;cc;cxx;def;odl;idl;hpj;bat;asm;asmx</Extensions>
    </Filter>
  </ItemGroup>
  <ItemGroup>
    <ClInclude Include="stdafx.h">
      <Filter>Source Files</Filter>
    </ClInclude>
    <ClInclude Include="OdbcClient.h">
      <Filter>Source Files</Filter>
    </ClInclude>
    <ClInclude Include="OdbcNamespace.h">
      <Filter>Source Files</Filter>
    </ClInclude>
    <ClInclude Include="OdbcTable.h">
      <Filter>Source Files</Filter>
    </ClInclude>
    <ClInclude Include="OdbcTableMutator.h">
      <Filter>Source Files</Filter>
    </ClInclude>
    <ClInclude Include="OdbcTableScanner.h">
      <Filter>Source Files</Filter>
    </ClInclude>
    <ClInclude Include="OdbcFactory.h">
      <Filter>Source Files</Filter>
    </ClInclude>
    <ClInclude Include="OdbcException.h">
      <Filter>Source Files</Filter>
    </ClInclude>
    <ClInclude Include="OdbcAsyncResult.h">
      <Filter>Source Files</Filter>
    </ClInclude>
    <ClInclude Include="OdbcBlockingAsyncResult.h">
      <Filter>Source Files</Filter>
    </ClInclude>
    <ClInclude Include="OdbcAsyncTableMutator.h">
      <Filter>Source Files</Filter>
    </ClInclude>
    <ClInclude Include="OdbcAsyncTableScanner.h">
      <Filter>Source Files</Filter>
    </ClInclude>
  </ItemGroup>
  <ItemGroup>
    <ClCompile Include="stdafx.cpp">
      <Filter>Source Files</Filter>
    </ClCompile>
    <ClCompile Include="OdbcClient.cpp">
      <Filter>Source Files</Filter>
    </ClCompile>
    <ClCompile Include="OdbcNamespace.cpp">
      <Filter>Source Files</Filter>
    </ClCompile>
    <ClCompile Include="OdbcTable.cpp">
      <Filter>Source Files</Filter>
    </ClCompile>
    <ClCompile Include="OdbcTableMutator.cpp">
      <Filter>Source Files</Filter>
    </ClCompile>
    <ClCompile Include="OdbcTableScanner.cpp">
      <Filter>Source Files</Filter>
    </ClCompile>
    <ClCompile Include="OdbcFactory.cpp">
      <Filter>Source Files</Filter>
    </ClCompile>
    <ClCompile Include="OdbcAsyncResult.cpp">
      <Filter>Source Files</Filter>
    </ClCompile>
    <ClCompile Include="OdbcBlockingAsyncResult.cpp">
      <Filter>Source Files</Filter>
    </ClCompile>
    <ClCompile Include="OdbcAsyncTableMutator.cpp">
      <Filter>Source Files</Filter>
    </ClCompile>
    <ClCompile Include="OdbcAsyncTableScanner.cpp">
      <Filter>Source Files</Filter>
    </ClCompile>
  </ItemGroup>
</Project>