<?xml version="1.0" encoding="utf-8"?>
<Project ToolsVersion="4.0" xmlns="http://schemas.microsoft.com/developer/msbuild/2003">
  <ItemGroup>
    <Filter Include="Source Files">
      <UniqueIdentifier>{4FC737F1-C7A5-4376-A066-2A32D752A2FF}</UniqueIdentifier>
      <Extensions>cpp;c;cc;cxx;def;odl;idl;hpj;bat;asm;asmx</Extensions>
    </Filter>
  </ItemGroup>
  <ItemGroup>
    <ClInclude Include="stdafx.h">
      <Filter>Source Files</Filter>
    </ClInclude>
    <ClInclude Include="HyperClient.h">
      <Filter>Source Files</Filter>
    </ClInclude>
    <ClInclude Include="HyperNamespace.h">
      <Filter>Source Files</Filter>
    </ClInclude>
    <ClInclude Include="HyperTable.h">
      <Filter>Source Files</Filter>
    </ClInclude>
    <ClInclude Include="HyperTableMutator.h">
      <Filter>Source Files</Filter>
    </ClInclude>
    <ClInclude Include="HyperTableScanner.h">
      <Filter>Source Files</Filter>
    </ClInclude>
    <ClInclude Include="HyperAsyncResult.h">
      <Filter>Source Files</Filter>
    </ClInclude>
    <ClInclude Include="HyperBlockingAsyncResult.h">
      <Filter>Source Files</Filter>
    </ClInclude>
    <ClInclude Include="HyperAsyncTableMutator.h">
      <Filter>Source Files</Filter>
    </ClInclude>
    <ClInclude Include="HyperAsyncTableScanner.h">
      <Filter>Source Files</Filter>
    </ClInclude>
  </ItemGroup>
  <ItemGroup>
    <ClCompile Include="stdafx.cpp">
      <Filter>Source Files</Filter>
    </ClCompile>
    <ClCompile Include="HyperClient.cpp">
      <Filter>Source Files</Filter>
    </ClCompile>
    <ClCompile Include="HyperNamespace.cpp">
      <Filter>Source Files</Filter>
    </ClCompile>
    <ClCompile Include="HyperTable.cpp">
      <Filter>Source Files</Filter>
    </ClCompile>
    <ClCompile Include="HyperTableMutator.cpp">
      <Filter>Source Files</Filter>
    </ClCompile>
    <ClCompile Include="HyperTableScanner.cpp">
      <Filter>Source Files</Filter>
    </ClCompile>
    <ClCompile Include="HyperAsyncResult.cpp">
      <Filter>Source Files</Filter>
    </ClCompile>
    <ClCompile Include="HyperBlockingAsyncResult.cpp">
      <Filter>Source Files</Filter>
    </ClCompile>
    <ClCompile Include="HyperAsyncTableMutator.cpp">
      <Filter>Source Files</Filter>
    </ClCompile>
    <ClCompile Include="HyperAsyncTableScanner.cpp">
      <Filter>Source Files</Filter>
    </ClCompile>
  </ItemGroup>
</Project>