<?xml version="1.0" encoding="utf-8"?>
<Project ToolsVersion="4.0" xmlns="http://schemas.microsoft.com/developer/msbuild/2003">
  <ItemGroup>
    <Filter Include="Source Files">
      <UniqueIdentifier>{4FC737F1-C7A5-4376-A066-2A32D752A2FF}</UniqueIdentifier>
      <Extensions>cpp;c;cc;cxx;def;odl;idl;hpj;bat;asm;asmx</Extensions>
    </Filter>
  </ItemGroup>
  <ItemGroup>
    <ClInclude Include="stdafx.h">
      <Filter>Source Files</Filter>
    </ClInclude>
    <ClInclude Include="Cell.h">
      <Filter>Source Files</Filter>
    </ClInclude>
    <ClInclude Include="Cells.h">
      <Filter>Source Files</Filter>
    </ClInclude>
    <ClInclude Include="Client.h">
      <Filter>Source Files</Filter>
    </ClInclude>
    <ClInclude Include="Exception.h">
      <Filter>Source Files</Filter>
    </ClInclude>
    <ClInclude Include="KeyBuilder.h">
      <Filter>Source Files</Filter>
    </ClInclude>
    <ClInclude Include="Namespace.h">
      <Filter>Source Files</Filter>
    </ClInclude>
    <ClInclude Include="ScanSpec.h">
      <Filter>Source Files</Filter>
    </ClInclude>
    <ClInclude Include="Table.h">
      <Filter>Source Files</Filter>
    </ClInclude>
    <ClInclude Include="TableMutator.h">
      <Filter>Source Files</Filter>
    </ClInclude>
    <ClInclude Include="TableScanner.h">
      <Filter>Source Files</Filter>
    </ClInclude>
    <ClInclude Include="Types.h">
      <Filter>Source Files</Filter>
    </ClInclude>
    <ClInclude Include="NamespaceListing.h">
      <Filter>Source Files</Filter>
    </ClInclude>
    <ClInclude Include="AsyncResult.h">
      <Filter>Source Files</Filter>
    </ClInclude>
    <ClInclude Include="BlockingAsyncResult.h">
      <Filter>Source Files</Filter>
    </ClInclude>
    <ClInclude Include="AsyncResultSink.h">
      <Filter>Source Files</Filter>
    </ClInclude>
    <ClInclude Include="AsyncTableScanner.h">
      <Filter>Source Files</Filter>
    </ClInclude>
    <ClInclude Include="ContextKind.h">
      <Filter>Source Files</Filter>
    </ClInclude>
    <ClInclude Include="CellFlag.h">
      <Filter>Source Files</Filter>
    </ClInclude>
    <ClInclude Include="Properties.h">
      <Filter>Source Files</Filter>
    </ClInclude>
    <ClInclude Include="Context.h">
      <Filter>Source Files</Filter>
    </ClInclude>
    <ClInclude Include="MutatorFlags.h">
      <Filter>Source Files</Filter>
    </ClInclude>
    <ClInclude Include="ScannerFlags.h">
      <Filter>Source Files</Filter>
    </ClInclude>
    <ClInclude Include="AsyncTableMutator.h">
      <Filter>Source Files</Filter>
    </ClInclude>
    <ClInclude Include="Utils.h">
      <Filter>Source Files</Filter>
    </ClInclude>
    <ClInclude Include="AsyncCallbackResult.h">
      <Filter>Source Files</Filter>
    </ClInclude>
    <ClInclude Include="Config.h">
      <Filter>Source Files</Filter>
    </ClInclude>
    <ClInclude Include="ContextFeature.h">
      <Filter>Source Files</Filter>
    </ClInclude>
  </ItemGroup>
  <ItemGroup>
    <ClCompile Include="stdafx.cpp">
      <Filter>Source Files</Filter>
    </ClCompile>
    <ClCompile Include="Cell.cpp">
      <Filter>Source Files</Filter>
    </ClCompile>
    <ClCompile Include="Cells.cpp">
      <Filter>Source Files</Filter>
    </ClCompile>
    <ClCompile Include="KeyBuilder.cpp">
      <Filter>Source Files</Filter>
    </ClCompile>
    <ClCompile Include="ScanSpec.cpp">
      <Filter>Source Files</Filter>
    </ClCompile>
    <ClCompile Include="Exception.cpp">
      <Filter>Source Files</Filter>
    </ClCompile>
    <ClCompile Include="Properties.cpp">
      <Filter>Source Files</Filter>
    </ClCompile>
    <ClCompile Include="Config.cpp">
      <Filter>Source Files</Filter>
    </ClCompile>
    <ClCompile Include="Utils.cpp">
      <Filter>Source Files</Filter>
    </ClCompile>
  </ItemGroup>
</Project>