<?xml version="1.0" encoding="utf-8"?>
<Project ToolsVersion="4.0" xmlns="http://schemas.microsoft.com/developer/msbuild/2003">
  <ItemGroup>
    <Filter Include="Source Files">
      <UniqueIdentifier>{4FC737F1-C7A5-4376-A066-2A32D752A2FF}</UniqueIdentifier>
      <Extensions>cpp;c;cc;cxx;def;odl;idl;hpj;bat;asm;asmx</Extensions>
    </Filter>
  </ItemGroup>
  <ItemGroup>
    <ClInclude Include="stdafx.h">
      <Filter>Source Files</Filter>
    </ClInclude>
    <ClInclude Include="HamsterClient.h">
      <Filter>Source Files</Filter>
    </ClInclude>
    <ClInclude Include="HamsterNamespace.h">
      <Filter>Source Files</Filter>
    </ClInclude>
    <ClInclude Include="HamsterTable.h">
      <Filter>Source Files</Filter>
    </ClInclude>
    <ClInclude Include="HamsterTableMutator.h">
      <Filter>Source Files</Filter>
    </ClInclude>
    <ClInclude Include="HamsterTableScanner.h">
      <Filter>Source Files</Filter>
    </ClInclude>
    <ClInclude Include="HamsterFactory.h">
      <Filter>Source Files</Filter>
    </ClInclude>
    <ClInclude Include="HamsterException.h">
      <Filter>Source Files</Filter>
    </ClInclude>
    <ClInclude Include="HamsterAsyncResult.h">
      <Filter>Source Files</Filter>
    </ClInclude>
    <ClInclude Include="HamsterBlockingAsyncResult.h">
      <Filter>Source Files</Filter>
    </ClInclude>
    <ClInclude Include="HamsterAsyncTableMutator.h">
      <Filter>Source Files</Filter>
    </ClInclude>
    <ClInclude Include="HamsterAsyncTableScanner.h">
      <Filter>Source Files</Filter>
    </ClInclude>
  </ItemGroup>
  <ItemGroup>
    <ClCompile Include="stdafx.cpp">
      <Filter>Source Files</Filter>
    </ClCompile>
    <ClCompile Include="HamsterClient.cpp">
      <Filter>Source Files</Filter>
    </ClCompile>
    <ClCompile Include="HamsterNamespace.cpp">
      <Filter>Source Files</Filter>
    </ClCompile>
    <ClCompile Include="HamsterTable.cpp">
      <Filter>Source Files</Filter>
    </ClCompile>
    <ClCompile Include="HamsterTableMutator.cpp">
      <Filter>Source Files</Filter>
    </ClCompile>
    <ClCompile Include="HamsterTableScanner.cpp">
      <Filter>Source Files</Filter>
    </ClCompile>
    <ClCompile Include="HamsterFactory.cpp">
      <Filter>Source Files</Filter>
    </ClCompile>
    <ClCompile Include="HamsterAsyncResult.cpp">
      <Filter>Source Files</Filter>
    </ClCompile>
    <ClCompile Include="HamsterBlockingAsyncResult.cpp">
      <Filter>Source Files</Filter>
    </ClCompile>
    <ClCompile Include="HamsterAsyncTableMutator.cpp">
      <Filter>Source Files</Filter>
    </ClCompile>
    <ClCompile Include="HamsterAsyncTableScanner.cpp">
      <Filter>Source Files</Filter>
    </ClCompile>
  </ItemGroup>
</Project>